Microsoft Visual Studio Solution File, Format Version 12.00
# Visual Studio Version 17
VisualStudioVersion = 17.5.2.0
MinimumVisualStudioVersion = 10.0.40219.1
Project("{FAE04EC0-301F-11D3-BF4B-00C04F79EFBC}") = "AtividaNumero02", "AtividaNumero02.csproj", "{099E6323-6E03-E7D2-9E34-B1EAB74AF1E3}"
EndProject
Global
	GlobalSection(SolutionConfigurationPlatforms) = preSolution
		Debug|Any CPU = Debug|Any CPU
		Release|Any CPU = Release|Any CPU
	EndGlobalSection
	GlobalSection(ProjectConfigurationPlatforms) = postSolution
		{099E6323-6E03-E7D2-9E34-B1EAB74AF1E3}.Debug|Any CPU.ActiveCfg = Debug|Any CPU
		{099E6323-6E03-E7D2-9E34-B1EAB74AF1E3}.Debug|Any CPU.Build.0 = Debug|Any CPU
		{099E6323-6E03-E7D2-9E34-B1EAB74AF1E3}.Release|Any CPU.ActiveCfg = Release|Any CPU
		{099E6323-6E03-E7D2-9E34-B1EAB74AF1E3}.Release|Any CPU.Build.0 = Release|Any CPU
	EndGlobalSection
	GlobalSection(SolutionProperties) = preSolution
		HideSolutionNode = FALSE
	EndGlobalSection
	GlobalSection(ExtensibilityGlobals) = postSolution
		SolutionGuid = {D0FCD76F-CDB7-456A-9E06-768ED7DAFE3D}
	EndGlobalSection
EndGlobal
